{
  "name": "@totvs/po-theme-fluig",
  "version": "1.0.0",
  "lockfileVersion": 1,
  "requires": true,
  "dependencies": {
    "@po-ui/style": {
      "version": "2.9.0",
      "resolved": "https://npm.totvs.io/@po-ui%2fstyle/-/style-2.9.0.tgz",
      "integrity": "sha512-5Pv7avOhuPKCQM2Kv2u/EJJ35G5ZN6IicXgy7jyD9r5YonlE6MZe6saG+/7ISeQpBKxiq/psnUNiJkUontEbyQ==",
      "dev": true
    }
  }
}
